
Microsoft Visual Studio Solution File, Format Version 12.00
# Visual Studio 15
VisualStudioVersion = 15.0.27130.2024
MinimumVisualStudioVersion = 10.0.40219.1
Project("{FAE04EC0-301F-11D3-BF4B-00C04F79EFBC}") = "GNV_CenterGás", "GNV_CenterGás\GNV_CenterGás.csproj", "{F790881A-5F4B-4452-A655-36268A4D589D}"
EndProject
Global
	GlobalSection(SolutionConfigurationPlatforms) = preSolution
		Debug|Any CPU = Debug|Any CPU
		Release|Any CPU = Release|Any CPU
	EndGlobalSection
	GlobalSection(ProjectConfigurationPlatforms) = postSolution
		{F790881A-5F4B-4452-A655-36268A4D589D}.Debug|Any CPU.ActiveCfg = Debug|Any CPU
		{F790881A-5F4B-4452-A655-36268A4D589D}.Debug|Any CPU.Build.0 = Debug|Any CPU
		{F790881A-5F4B-4452-A655-36268A4D589D}.Release|Any CPU.ActiveCfg = Release|Any CPU
		{F790881A-5F4B-4452-A655-36268A4D589D}.Release|Any CPU.Build.0 = Release|Any CPU
	EndGlobalSection
	GlobalSection(SolutionProperties) = preSolution
		HideSolutionNode = FALSE
	EndGlobalSection
	GlobalSection(ExtensibilityGlobals) = postSolution
		SolutionGuid = {0403BB92-2CA7-4BEE-92C5-099681E9A40C}
	EndGlobalSection
EndGlobal
